# This file was autogenerated by Stack.
# You should not edit this file by hand.
# For more information, please see the documentation at:
#   https://docs.haskellstack.org/en/stable/lock_files

packages:
- completed:
    hackage: terminal-progress-bar-0.2@sha256:c5543e4ed288c924e860056f62a4d2254513d153fa36efeadcd7b98c492d3b6f,2409
    pantry-tree:
      size: 460
      sha256: b8ae1ae388be58f8ff5d7c9d082eb737cd7fc0c1b35bb13e9ccf948d01673fa3
  original:
    hackage: terminal-progress-bar-0.2
snapshots:
- completed:
    size: 523700
    url: https://raw.githubusercontent.com/commercialhaskell/stackage-snapshots/master/lts/14/7.yaml
    sha256: 8e3f3c894be74d71fa4bf085e0a8baae7e4d7622d07ea31a52736b80f8b9bb1a
  original: lts-14.7
